
Microsoft Visual Studio Solution File, Format Version 12.00
# Visual Studio Version 17
VisualStudioVersion = 17.9.34723.18
MinimumVisualStudioVersion = 10.0.40219.1
Project("{2150E333-8FDC-42A3-9474-1A3956D46DE8}") = "Services", "Services", "{01F06ADE-DEDB-4D15-B7BB-117DB4775704}"
EndProject
Project("{2150E333-8FDC-42A3-9474-1A3956D46DE8}") = "Catalog", "Catalog", "{947EE1FE-9673-4256-8E3E-74D07DBDA155}"
EndProject
Project("{9A19103F-16F7-4668-BE54-9A1E7A4F7556}") = "Catalog.API", "Services\Catalog\Catalog.API\Catalog.API.csproj", "{2AB479F7-8697-46FC-AC78-444568DAD787}"
EndProject
Project("{E53339B2-1760-4266-BCC7-CA923CBCF16C}") = "docker-compose", "docker-compose.dcproj", "{1B5431DB-D837-4F2B-AECD-16D6F33BB080}"
EndProject
Project("{2150E333-8FDC-42A3-9474-1A3956D46DE8}") = "Basket", "Basket", "{3F2CD53D-4E28-42A5-8DF8-97039D280B5C}"
EndProject
Project("{9A19103F-16F7-4668-BE54-9A1E7A4F7556}") = "Basket.API", "Services\Basket\Basket.API\Basket.API.csproj", "{67928142-2F18-41F4-9EF7-E34B794564B0}"
EndProject
Project("{2150E333-8FDC-42A3-9474-1A3956D46DE8}") = "Discount", "Discount", "{AA9D1FD3-BBD6-41DE-B443-60F050015659}"
EndProject
Project("{9A19103F-16F7-4668-BE54-9A1E7A4F7556}") = "Discount.API", "Services\Discount\Discount.API\Discount.API.csproj", "{F86644EA-EAF1-40EE-8C23-6F5C0F2CD739}"
EndProject
Project("{2150E333-8FDC-42A3-9474-1A3956D46DE8}") = "Solution Items", "Solution Items", "{6931AE90-9E82-4C09-B008-942EE4935F31}"
	ProjectSection(SolutionItems) = preProject
		.editorconfig = .editorconfig
	EndProjectSection
EndProject
Project("{9A19103F-16F7-4668-BE54-9A1E7A4F7556}") = "Discount.Grpc", "Services\Discount\Discount.Grpc\Discount.Grpc.csproj", "{EDFC9D0D-E8AA-4D6A-9069-B051133CEBED}"
EndProject
Project("{2150E333-8FDC-42A3-9474-1A3956D46DE8}") = "Ordering", "Ordering", "{4781B7F0-2C81-40EB-84BC-2DFBF70FAC2B}"
EndProject
Project("{FAE04EC0-301F-11D3-BF4B-00C04F79EFBC}") = "Ordering.API", "Services\Ordering\Ordering.API\Ordering.API.csproj", "{CE5F6DB5-EF17-4269-8281-412B7410E586}"
EndProject
Project("{FAE04EC0-301F-11D3-BF4B-00C04F79EFBC}") = "Ordering.Domain", "Services\Ordering\Ordering.Domain\Ordering.Domain.csproj", "{66F6E1EF-F554-4B3F-B05B-C835C560E703}"
EndProject
Project("{FAE04EC0-301F-11D3-BF4B-00C04F79EFBC}") = "Ordering.Application", "Services\Ordering\Ordering.Application\Ordering.Application.csproj", "{2466815B-9B5A-4C91-8F61-57A194E0BAB1}"
EndProject
Project("{FAE04EC0-301F-11D3-BF4B-00C04F79EFBC}") = "Ordering.Infrastructure", "Services\Ordering\Ordering.Infrastructure\Ordering.Infrastructure.csproj", "{D2C0AE40-F6E3-4A4C-B937-CABB150F9B71}"
EndProject
Global
	GlobalSection(SolutionConfigurationPlatforms) = preSolution
		Debug|Any CPU = Debug|Any CPU
		Release|Any CPU = Release|Any CPU
	EndGlobalSection
	GlobalSection(ProjectConfigurationPlatforms) = postSolution
		{2AB479F7-8697-46FC-AC78-444568DAD787}.Debug|Any CPU.ActiveCfg = Debug|Any CPU
		{2AB479F7-8697-46FC-AC78-444568DAD787}.Debug|Any CPU.Build.0 = Debug|Any CPU
		{2AB479F7-8697-46FC-AC78-444568DAD787}.Release|Any CPU.ActiveCfg = Release|Any CPU
		{2AB479F7-8697-46FC-AC78-444568DAD787}.Release|Any CPU.Build.0 = Release|Any CPU
		{1B5431DB-D837-4F2B-AECD-16D6F33BB080}.Debug|Any CPU.ActiveCfg = Debug|Any CPU
		{1B5431DB-D837-4F2B-AECD-16D6F33BB080}.Debug|Any CPU.Build.0 = Debug|Any CPU
		{1B5431DB-D837-4F2B-AECD-16D6F33BB080}.Release|Any CPU.ActiveCfg = Release|Any CPU
		{1B5431DB-D837-4F2B-AECD-16D6F33BB080}.Release|Any CPU.Build.0 = Release|Any CPU
		{67928142-2F18-41F4-9EF7-E34B794564B0}.Debug|Any CPU.ActiveCfg = Debug|Any CPU
		{67928142-2F18-41F4-9EF7-E34B794564B0}.Debug|Any CPU.Build.0 = Debug|Any CPU
		{67928142-2F18-41F4-9EF7-E34B794564B0}.Release|Any CPU.ActiveCfg = Release|Any CPU
		{67928142-2F18-41F4-9EF7-E34B794564B0}.Release|Any CPU.Build.0 = Release|Any CPU
		{F86644EA-EAF1-40EE-8C23-6F5C0F2CD739}.Debug|Any CPU.ActiveCfg = Debug|Any CPU
		{F86644EA-EAF1-40EE-8C23-6F5C0F2CD739}.Debug|Any CPU.Build.0 = Debug|Any CPU
		{F86644EA-EAF1-40EE-8C23-6F5C0F2CD739}.Release|Any CPU.ActiveCfg = Release|Any CPU
		{F86644EA-EAF1-40EE-8C23-6F5C0F2CD739}.Release|Any CPU.Build.0 = Release|Any CPU
		{EDFC9D0D-E8AA-4D6A-9069-B051133CEBED}.Debug|Any CPU.ActiveCfg = Debug|Any CPU
		{EDFC9D0D-E8AA-4D6A-9069-B051133CEBED}.Debug|Any CPU.Build.0 = Debug|Any CPU
		{EDFC9D0D-E8AA-4D6A-9069-B051133CEBED}.Release|Any CPU.ActiveCfg = Release|Any CPU
		{EDFC9D0D-E8AA-4D6A-9069-B051133CEBED}.Release|Any CPU.Build.0 = Release|Any CPU
		{CE5F6DB5-EF17-4269-8281-412B7410E586}.Debug|Any CPU.ActiveCfg = Debug|Any CPU
		{CE5F6DB5-EF17-4269-8281-412B7410E586}.Debug|Any CPU.Build.0 = Debug|Any CPU
		{CE5F6DB5-EF17-4269-8281-412B7410E586}.Release|Any CPU.ActiveCfg = Release|Any CPU
		{CE5F6DB5-EF17-4269-8281-412B7410E586}.Release|Any CPU.Build.0 = Release|Any CPU
		{66F6E1EF-F554-4B3F-B05B-C835C560E703}.Debug|Any CPU.ActiveCfg = Debug|Any CPU
		{66F6E1EF-F554-4B3F-B05B-C835C560E703}.Debug|Any CPU.Build.0 = Debug|Any CPU
		{66F6E1EF-F554-4B3F-B05B-C835C560E703}.Release|Any CPU.ActiveCfg = Release|Any CPU
		{66F6E1EF-F554-4B3F-B05B-C835C560E703}.Release|Any CPU.Build.0 = Release|Any CPU
		{2466815B-9B5A-4C91-8F61-57A194E0BAB1}.Debug|Any CPU.ActiveCfg = Debug|Any CPU
		{2466815B-9B5A-4C91-8F61-57A194E0BAB1}.Debug|Any CPU.Build.0 = Debug|Any CPU
		{2466815B-9B5A-4C91-8F61-57A194E0BAB1}.Release|Any CPU.ActiveCfg = Release|Any CPU
		{2466815B-9B5A-4C91-8F61-57A194E0BAB1}.Release|Any CPU.Build.0 = Release|Any CPU
		{D2C0AE40-F6E3-4A4C-B937-CABB150F9B71}.Debug|Any CPU.ActiveCfg = Debug|Any CPU
		{D2C0AE40-F6E3-4A4C-B937-CABB150F9B71}.Debug|Any CPU.Build.0 = Debug|Any CPU
		{D2C0AE40-F6E3-4A4C-B937-CABB150F9B71}.Release|Any CPU.ActiveCfg = Release|Any CPU
		{D2C0AE40-F6E3-4A4C-B937-CABB150F9B71}.Release|Any CPU.Build.0 = Release|Any CPU
	EndGlobalSection
	GlobalSection(SolutionProperties) = preSolution
		HideSolutionNode = FALSE
	EndGlobalSection
	GlobalSection(NestedProjects) = preSolution
		{947EE1FE-9673-4256-8E3E-74D07DBDA155} = {01F06ADE-DEDB-4D15-B7BB-117DB4775704}
		{2AB479F7-8697-46FC-AC78-444568DAD787} = {947EE1FE-9673-4256-8E3E-74D07DBDA155}
		{3F2CD53D-4E28-42A5-8DF8-97039D280B5C} = {01F06ADE-DEDB-4D15-B7BB-117DB4775704}
		{67928142-2F18-41F4-9EF7-E34B794564B0} = {3F2CD53D-4E28-42A5-8DF8-97039D280B5C}
		{AA9D1FD3-BBD6-41DE-B443-60F050015659} = {01F06ADE-DEDB-4D15-B7BB-117DB4775704}
		{F86644EA-EAF1-40EE-8C23-6F5C0F2CD739} = {AA9D1FD3-BBD6-41DE-B443-60F050015659}
		{EDFC9D0D-E8AA-4D6A-9069-B051133CEBED} = {AA9D1FD3-BBD6-41DE-B443-60F050015659}
		{4781B7F0-2C81-40EB-84BC-2DFBF70FAC2B} = {01F06ADE-DEDB-4D15-B7BB-117DB4775704}
		{CE5F6DB5-EF17-4269-8281-412B7410E586} = {4781B7F0-2C81-40EB-84BC-2DFBF70FAC2B}
		{66F6E1EF-F554-4B3F-B05B-C835C560E703} = {4781B7F0-2C81-40EB-84BC-2DFBF70FAC2B}
		{2466815B-9B5A-4C91-8F61-57A194E0BAB1} = {4781B7F0-2C81-40EB-84BC-2DFBF70FAC2B}
		{D2C0AE40-F6E3-4A4C-B937-CABB150F9B71} = {4781B7F0-2C81-40EB-84BC-2DFBF70FAC2B}
	EndGlobalSection
	GlobalSection(ExtensibilityGlobals) = postSolution
		SolutionGuid = {2E74485A-C389-4E83-8F8B-B44CB50498BE}
	EndGlobalSection
EndGlobal
